// !$*UTF8*$!
{
	archiveVersion = 1;
	classes = {
	};
	objectVersion = 56;
	objects = {

/* Begin PBXBuildFile section */
		8403DC662917FF1400B49087 /* signupVC.swift in Sources */ = {isa = PBXBuildFile; fileRef = 8403DC652917FF1400B49087 /* signupVC.swift */; };
		844E9E882916BA7F00ABE852 /* AppDelegate.swift in Sources */ = {isa = PBXBuildFile; fileRef = 844E9E872916BA7F00ABE852 /* AppDelegate.swift */; };
		844E9E8A2916BA7F00ABE852 /* SceneDelegate.swift in Sources */ = {isa = PBXBuildFile; fileRef = 844E9E892916BA7F00ABE852 /* SceneDelegate.swift */; };
		844E9E8C2916BA7F00ABE852 /* ViewController.swift in Sources */ = {isa = PBXBuildFile; fileRef = 844E9E8B2916BA7F00ABE852 /* ViewController.swift */; };
		844E9E8F2916BA7F00ABE852 /* Main.storyboard in Resources */ = {isa = PBXBuildFile; fileRef = 844E9E8D2916BA7F00ABE852 /* Main.storyboard */; };
		844E9E912916BA8000ABE852 /* Assets.xcassets in Resources */ = {isa = PBXBuildFile; fileRef = 844E9E902916BA8000ABE852 /* Assets.xcassets */; };
		844E9E942916BA8000ABE852 /* LaunchScreen.storyboard in Resources */ = {isa = PBXBuildFile; fileRef = 844E9E922916BA8000ABE852 /* LaunchScreen.storyboard */; };
		844E9EAB2916BAB600ABE852 /* SF-Compact-Rounded-Medium.otf in Resources */ = {isa = PBXBuildFile; fileRef = 844E9E9D2916BAB500ABE852 /* SF-Compact-Rounded-Medium.otf */; };
		844E9EAC2916BAB600ABE852 /* SF-Compact-Rounded-Heavy.otf in Resources */ = {isa = PBXBuildFile; fileRef = 844E9E9E2916BAB500ABE852 /* SF-Compact-Rounded-Heavy.otf */; };
		844E9EB12916BAB600ABE852 /* SF-Compact-Rounded-Light.otf in Resources */ = {isa = PBXBuildFile; fileRef = 844E9EA32916BAB500ABE852 /* SF-Compact-Rounded-Light.otf */; };
		844E9EB22916BAB600ABE852 /* SF-Compact-Rounded-Regular.otf in Resources */ = {isa = PBXBuildFile; fileRef = 844E9EA42916BAB500ABE852 /* SF-Compact-Rounded-Regular.otf */; };
		844E9EB32916BAB600ABE852 /* SF-Compact-Rounded-Ultralight.otf in Resources */ = {isa = PBXBuildFile; fileRef = 844E9EA52916BAB500ABE852 /* SF-Compact-Rounded-Ultralight.otf */; };
		844E9EB42916BAB600ABE852 /* SF-Compact-Rounded-Semibold.otf in Resources */ = {isa = PBXBuildFile; fileRef = 844E9EA62916BAB500ABE852 /* SF-Compact-Rounded-Semibold.otf */; };
		844E9EB52916BAB600ABE852 /* SF-Compact-Rounded-Black.otf in Resources */ = {isa = PBXBuildFile; fileRef = 844E9EA72916BAB500ABE852 /* SF-Compact-Rounded-Black.otf */; };
		844E9EB62916BAB600ABE852 /* SF-Compact-Rounded-Bold.otf in Resources */ = {isa = PBXBuildFile; fileRef = 844E9EA82916BAB500ABE852 /* SF-Compact-Rounded-Bold.otf */; };
		844E9EB72916BAB600ABE852 /* SF-Compact-Rounded-Thin.otf in Resources */ = {isa = PBXBuildFile; fileRef = 844E9EA92916BAB500ABE852 /* SF-Compact-Rounded-Thin.otf */; };
		844E9EBA2916D02E00ABE852 /* homeVC.swift in Sources */ = {isa = PBXBuildFile; fileRef = 844E9EB92916D02E00ABE852 /* homeVC.swift */; };
		844E9EBD2916EC8400ABE852 /* FacebookCore in Frameworks */ = {isa = PBXBuildFile; productRef = 844E9EBC2916EC8400ABE852 /* FacebookCore */; };
		844E9EBF2916EC8400ABE852 /* FacebookLogin in Frameworks */ = {isa = PBXBuildFile; productRef = 844E9EBE2916EC8400ABE852 /* FacebookLogin */; };
		8478B06029232C0D00CA6CC9 /* post.swift in Sources */ = {isa = PBXBuildFile; fileRef = 8478B05F29232C0D00CA6CC9 /* post.swift */; };
		84C5880329171C1C000F50DB /* GoogleService-Info.plist in Resources */ = {isa = PBXBuildFile; fileRef = 84C5880229171C1C000F50DB /* GoogleService-Info.plist */; };
		8D1B6FD23CC26EAA074AF696 /* Pods_DigIntoYourFridge.framework in Frameworks */ = {isa = PBXBuildFile; fileRef = 0093B2F942C391FD79694C26 /* Pods_DigIntoYourFridge.framework */; };
/* End PBXBuildFile section */

/* Begin PBXFileReference section */
		0093B2F942C391FD79694C26 /* Pods_DigIntoYourFridge.framework */ = {isa = PBXFileReference; explicitFileType = wrapper.framework; includeInIndex = 0; path = Pods_DigIntoYourFridge.framework; sourceTree = BUILT_PRODUCTS_DIR; };
		8403DC652917FF1400B49087 /* signupVC.swift */ = {isa = PBXFileReference; lastKnownFileType = sourcecode.swift; path = signupVC.swift; sourceTree = "<group>"; };
		844E9E842916BA7F00ABE852 /* DigIntoYourFridge.app */ = {isa = PBXFileReference; explicitFileType = wrapper.application; includeInIndex = 0; path = DigIntoYourFridge.app; sourceTree = BUILT_PRODUCTS_DIR; };
		844E9E872916BA7F00ABE852 /* AppDelegate.swift */ = {isa = PBXFileReference; lastKnownFileType = sourcecode.swift; path = AppDelegate.swift; sourceTree = "<group>"; };
		844E9E892916BA7F00ABE852 /* SceneDelegate.swift */ = {isa = PBXFileReference; lastKnownFileType = sourcecode.swift; path = SceneDelegate.swift; sourceTree = "<group>"; };
		844E9E8B2916BA7F00ABE852 /* ViewController.swift */ = {isa = PBXFileReference; lastKnownFileType = sourcecode.swift; path = ViewController.swift; sourceTree = "<group>"; };
		844E9E8E2916BA7F00ABE852 /* Base */ = {isa = PBXFileReference; lastKnownFileType = file.storyboard; name = Base; path = Base.lproj/Main.storyboard; sourceTree = "<group>"; };
		844E9E902916BA8000ABE852 /* Assets.xcassets */ = {isa = PBXFileReference; lastKnownFileType = folder.assetcatalog; path = Assets.xcassets; sourceTree = "<group>"; };
		844E9E932916BA8000ABE852 /* Base */ = {isa = PBXFileReference; lastKnownFileType = file.storyboard; name = Base; path = Base.lproj/LaunchScreen.storyboard; sourceTree = "<group>"; };
		844E9E952916BA8000ABE852 /* Info.plist */ = {isa = PBXFileReference; lastKnownFileType = text.plist.xml; path = Info.plist; sourceTree = "<group>"; };
		844E9E9D2916BAB500ABE852 /* SF-Compact-Rounded-Medium.otf */ = {isa = PBXFileReference; lastKnownFileType = file; path = "SF-Compact-Rounded-Medium.otf"; sourceTree = "<group>"; };
		844E9E9E2916BAB500ABE852 /* SF-Compact-Rounded-Heavy.otf */ = {isa = PBXFileReference; lastKnownFileType = file; path = "SF-Compact-Rounded-Heavy.otf"; sourceTree = "<group>"; };
		844E9EA32916BAB500ABE852 /* SF-Compact-Rounded-Light.otf */ = {isa = PBXFileReference; lastKnownFileType = file; path = "SF-Compact-Rounded-Light.otf"; sourceTree = "<group>"; };
		844E9EA42916BAB500ABE852 /* SF-Compact-Rounded-Regular.otf */ = {isa = PBXFileReference; lastKnownFileType = file; path = "SF-Compact-Rounded-Regular.otf"; sourceTree = "<group>"; };
		844E9EA52916BAB500ABE852 /* SF-Compact-Rounded-Ultralight.otf */ = {isa = PBXFileReference; lastKnownFileType = file; path = "SF-Compact-Rounded-Ultralight.otf"; sourceTree = "<group>"; };
		844E9EA62916BAB500ABE852 /* SF-Compact-Rounded-Semibold.otf */ = {isa = PBXFileReference; lastKnownFileType = file; path = "SF-Compact-Rounded-Semibold.otf"; sourceTree = "<group>"; };
		844E9EA72916BAB500ABE852 /* SF-Compact-Rounded-Black.otf */ = {isa = PBXFileReference; lastKnownFileType = file; path = "SF-Compact-Rounded-Black.otf"; sourceTree = "<group>"; };
		844E9EA82916BAB500ABE852 /* SF-Compact-Rounded-Bold.otf */ = {isa = PBXFileReference; lastKnownFileType = file; path = "SF-Compact-Rounded-Bold.otf"; sourceTree = "<group>"; };
		844E9EA92916BAB500ABE852 /* SF-Compact-Rounded-Thin.otf */ = {isa = PBXFileReference; lastKnownFileType = file; path = "SF-Compact-Rounded-Thin.otf"; sourceTree = "<group>"; };
		844E9EB92916D02E00ABE852 /* homeVC.swift */ = {isa = PBXFileReference; lastKnownFileType = sourcecode.swift; path = homeVC.swift; sourceTree = "<group>"; };
		8478B05F29232C0D00CA6CC9 /* post.swift */ = {isa = PBXFileReference; lastKnownFileType = sourcecode.swift; path = post.swift; sourceTree = "<group>"; };
		84C5880229171C1C000F50DB /* GoogleService-Info.plist */ = {isa = PBXFileReference; fileEncoding = 4; lastKnownFileType = text.plist.xml; path = "GoogleService-Info.plist"; sourceTree = "<group>"; };
		89E3277E4956254589226989 /* Pods-DigIntoYourFridge.debug.xcconfig */ = {isa = PBXFileReference; includeInIndex = 1; lastKnownFileType = text.xcconfig; name = "Pods-DigIntoYourFridge.debug.xcconfig"; path = "Target Support Files/Pods-DigIntoYourFridge/Pods-DigIntoYourFridge.debug.xcconfig"; sourceTree = "<group>"; };
		E8BDF8FEB15A18854B8A7814 /* Pods-DigIntoYourFridge.release.xcconfig */ = {isa = PBXFileReference; includeInIndex = 1; lastKnownFileType = text.xcconfig; name = "Pods-DigIntoYourFridge.release.xcconfig"; path = "Target Support Files/Pods-DigIntoYourFridge/Pods-DigIntoYourFridge.release.xcconfig"; sourceTree = "<group>"; };
/* End PBXFileReference section */

/* Begin PBXFrameworksBuildPhase section */
		844E9E812916BA7F00ABE852 /* Frameworks */ = {
			isa = PBXFrameworksBuildPhase;
			buildActionMask = 2147483647;
			files = (
				844E9EBF2916EC8400ABE852 /* FacebookLogin in Frameworks */,
				844E9EBD2916EC8400ABE852 /* FacebookCore in Frameworks */,
				8D1B6FD23CC26EAA074AF696 /* Pods_DigIntoYourFridge.framework in Frameworks */,
			);
			runOnlyForDeploymentPostprocessing = 0;
		};
/* End PBXFrameworksBuildPhase section */

/* Begin PBXGroup section */
		65FF00577F868F4BF68BB9E3 /* Pods */ = {
			isa = PBXGroup;
			children = (
				89E3277E4956254589226989 /* Pods-DigIntoYourFridge.debug.xcconfig */,
				E8BDF8FEB15A18854B8A7814 /* Pods-DigIntoYourFridge.release.xcconfig */,
			);
			path = Pods;
			sourceTree = "<group>";
		};
		844E9E7B2916BA7F00ABE852 = {
			isa = PBXGroup;
			children = (
				844E9E862916BA7F00ABE852 /* DigIntoYourFridge */,
				844E9E852916BA7F00ABE852 /* Products */,
				65FF00577F868F4BF68BB9E3 /* Pods */,
				CB7DAB1AD0AB4DA6C674853B /* Frameworks */,
			);
			sourceTree = "<group>";
		};
		844E9E852916BA7F00ABE852 /* Products */ = {
			isa = PBXGroup;
			children = (
				844E9E842916BA7F00ABE852 /* DigIntoYourFridge.app */,
			);
			name = Products;
			sourceTree = "<group>";
		};
		844E9E862916BA7F00ABE852 /* DigIntoYourFridge */ = {
			isa = PBXGroup;
			children = (
				84C5880229171C1C000F50DB /* GoogleService-Info.plist */,
				844E9E9C2916BAB500ABE852 /* Fonts */,
				844E9E872916BA7F00ABE852 /* AppDelegate.swift */,
				844E9E892916BA7F00ABE852 /* SceneDelegate.swift */,
				844E9E8B2916BA7F00ABE852 /* ViewController.swift */,
				844E9EB92916D02E00ABE852 /* homeVC.swift */,
				8478B05F29232C0D00CA6CC9 /* post.swift */,
				8403DC652917FF1400B49087 /* signupVC.swift */,
				844E9E8D2916BA7F00ABE852 /* Main.storyboard */,
				844E9E902916BA8000ABE852 /* Assets.xcassets */,
				844E9E922916BA8000ABE852 /* LaunchScreen.storyboard */,
				844E9E952916BA8000ABE852 /* Info.plist */,
			);
			path = DigIntoYourFridge;
			sourceTree = "<group>";
		};
		844E9E9C2916BAB500ABE852 /* Fonts */ = {
			isa = PBXGroup;
			children = (
				844E9E9D2916BAB500ABE852 /* SF-Compact-Rounded-Medium.otf */,
				844E9E9E2916BAB500ABE852 /* SF-Compact-Rounded-Heavy.otf */,
				844E9EA32916BAB500ABE852 /* SF-Compact-Rounded-Light.otf */,
				844E9EA42916BAB500ABE852 /* SF-Compact-Rounded-Regular.otf */,
				844E9EA52916BAB500ABE852 /* SF-Compact-Rounded-Ultralight.otf */,
				844E9EA62916BAB500ABE852 /* SF-Compact-Rounded-Semibold.otf */,
				844E9EA72916BAB500ABE852 /* SF-Compact-Rounded-Black.otf */,
				844E9EA82916BAB500ABE852 /* SF-Compact-Rounded-Bold.otf */,
				844E9EA92916BAB500ABE852 /* SF-Compact-Rounded-Thin.otf */,
			);
			path = Fonts;
			sourceTree = "<group>";
		};
		CB7DAB1AD0AB4DA6C674853B /* Frameworks */ = {
			isa = PBXGroup;
			children = (
				0093B2F942C391FD79694C26 /* Pods_DigIntoYourFridge.framework */,
			);
			name = Frameworks;
			sourceTree = "<group>";
		};
/* End PBXGroup section */

/* Begin PBXNativeTarget section */
		844E9E832916BA7F00ABE852 /* DigIntoYourFridge */ = {
			isa = PBXNativeTarget;
			buildConfigurationList = 844E9E982916BA8000ABE852 /* Build configuration list for PBXNativeTarget "DigIntoYourFridge" */;
			buildPhases = (
				0D474C190974B40920DACDE9 /* [CP] Check Pods Manifest.lock */,
				844E9E802916BA7F00ABE852 /* Sources */,
				844E9E812916BA7F00ABE852 /* Frameworks */,
				844E9E822916BA7F00ABE852 /* Resources */,
				2AF9276E03A886FBE3DFCFB6 /* [CP] Embed Pods Frameworks */,
			);
			buildRules = (
			);
			dependencies = (
			);
			name = DigIntoYourFridge;
			packageProductDependencies = (
				844E9EBC2916EC8400ABE852 /* FacebookCore */,
				844E9EBE2916EC8400ABE852 /* FacebookLogin */,
			);
			productName = DigIntoYourFridge;
			productReference = 844E9E842916BA7F00ABE852 /* DigIntoYourFridge.app */;
			productType = "com.apple.product-type.application";
		};
/* End PBXNativeTarget section */

/* Begin PBXProject section */
		844E9E7C2916BA7F00ABE852 /* Project object */ = {
			isa = PBXProject;
			attributes = {
				BuildIndependentTargetsInParallel = 1;
				LastSwiftUpdateCheck = 1400;
				LastUpgradeCheck = 1400;
				TargetAttributes = {
					844E9E832916BA7F00ABE852 = {
						CreatedOnToolsVersion = 14.0;
					};
				};
			};
			buildConfigurationList = 844E9E7F2916BA7F00ABE852 /* Build configuration list for PBXProject "DigIntoYourFridge" */;
			compatibilityVersion = "Xcode 14.0";
			developmentRegion = en;
			hasScannedForEncodings = 0;
			knownRegions = (
				en,
				Base,
			);
			mainGroup = 844E9E7B2916BA7F00ABE852;
			packageReferences = (
				844E9EBB2916EC8400ABE852 /* XCRemoteSwiftPackageReference "facebook-ios-sdk" */,
			);
			productRefGroup = 844E9E852916BA7F00ABE852 /* Products */;
			projectDirPath = "";
			projectRoot = "";
			targets = (
				844E9E832916BA7F00ABE852 /* DigIntoYourFridge */,
			);
		};
/* End PBXProject section */

/* Begin PBXResourcesBuildPhase section */
		844E9E822916BA7F00ABE852 /* Resources */ = {
			isa = PBXResourcesBuildPhase;
			buildActionMask = 2147483647;
			files = (
				84C5880329171C1C000F50DB /* GoogleService-Info.plist in Resources */,
				844E9EB22916BAB600ABE852 /* SF-Compact-Rounded-Regular.otf in Resources */,
				844E9E942916BA8000ABE852 /* LaunchScreen.storyboard in Resources */,
				844E9EAB2916BAB600ABE852 /* SF-Compact-Rounded-Medium.otf in Resources */,
				844E9E912916BA8000ABE852 /* Assets.xcassets in Resources */,
				844E9EAC2916BAB600ABE852 /* SF-Compact-Rounded-Heavy.otf in Resources */,
				844E9EB62916BAB600ABE852 /* SF-Compact-Rounded-Bold.otf in Resources */,
				844E9EB32916BAB600ABE852 /* SF-Compact-Rounded-Ultralight.otf in Resources */,
				844E9EB12916BAB600ABE852 /* SF-Compact-Rounded-Light.otf in Resources */,
				844E9EB52916BAB600ABE852 /* SF-Compact-Rounded-Black.otf in Resources */,
				844E9EB42916BAB600ABE852 /* SF-Compact-Rounded-Semibold.otf in Resources */,
				844E9EB72916BAB600ABE852 /* SF-Compact-Rounded-Thin.otf in Resources */,
				844E9E8F2916BA7F00ABE852 /* Main.storyboard in Resources */,
			);
			runOnlyForDeploymentPostprocessing = 0;
		};
/* End PBXResourcesBuildPhase section */

/* Begin PBXShellScriptBuildPhase section */
		0D474C190974B40920DACDE9 /* [CP] Check Pods Manifest.lock */ = {
			isa = PBXShellScriptBuildPhase;
			buildActionMask = 2147483647;
			files = (
			);
			inputFileListPaths = (
			);
			inputPaths = (
				"${PODS_PODFILE_DIR_PATH}/Podfile.lock",
				"${PODS_ROOT}/Manifest.lock",
			);
			name = "[CP] Check Pods Manifest.lock";
			outputFileListPaths = (
			);
			outputPaths = (
				"$(DERIVED_FILE_DIR)/Pods-DigIntoYourFridge-checkManifestLockResult.txt",
			);
			runOnlyForDeploymentPostprocessing = 0;
			shellPath = /bin/sh;
			shellScript = "diff \"${PODS_PODFILE_DIR_PATH}/Podfile.lock\" \"${PODS_ROOT}/Manifest.lock\" > /dev/null\nif [ $? != 0 ] ; then\n    # print error to STDERR\n    echo \"error: The sandbox is not in sync with the Podfile.lock. Run 'pod install' or update your CocoaPods installation.\" >&2\n    exit 1\nfi\n# This output is used by Xcode 'outputs' to avoid re-running this script phase.\necho \"SUCCESS\" > \"${SCRIPT_OUTPUT_FILE_0}\"\n";
			showEnvVarsInLog = 0;
		};
		2AF9276E03A886FBE3DFCFB6 /* [CP] Embed Pods Frameworks */ = {
			isa = PBXShellScriptBuildPhase;
			buildActionMask = 2147483647;
			files = (
			);
			inputFileListPaths = (
				"${PODS_ROOT}/Target Support Files/Pods-DigIntoYourFridge/Pods-DigIntoYourFridge-frameworks-${CONFIGURATION}-input-files.xcfilelist",
			);
			name = "[CP] Embed Pods Frameworks";
			outputFileListPaths = (
				"${PODS_ROOT}/Target Support Files/Pods-DigIntoYourFridge/Pods-DigIntoYourFridge-frameworks-${CONFIGURATION}-output-files.xcfilelist",
			);
			runOnlyForDeploymentPostprocessing = 0;
			shellPath = /bin/sh;
			shellScript = "\"${PODS_ROOT}/Target Support Files/Pods-DigIntoYourFridge/Pods-DigIntoYourFridge-frameworks.sh\"\n";
			showEnvVarsInLog = 0;
		};
/* End PBXShellScriptBuildPhase section */

/* Begin PBXSourcesBuildPhase section */
		844E9E802916BA7F00ABE852 /* Sources */ = {
			isa = PBXSourcesBuildPhase;
			buildActionMask = 2147483647;
			files = (
				844E9E8C2916BA7F00ABE852 /* ViewController.swift in Sources */,
				8403DC662917FF1400B49087 /* signupVC.swift in Sources */,
				844E9EBA2916D02E00ABE852 /* homeVC.swift in Sources */,
				8478B06029232C0D00CA6CC9 /* post.swift in Sources */,
				844E9E882916BA7F00ABE852 /* AppDelegate.swift in Sources */,
				844E9E8A2916BA7F00ABE852 /* SceneDelegate.swift in Sources */,
			);
			runOnlyForDeploymentPostprocessing = 0;
		};
/* End PBXSourcesBuildPhase section */

/* Begin PBXVariantGroup section */
		844E9E8D2916BA7F00ABE852 /* Main.storyboard */ = {
			isa = PBXVariantGroup;
			children = (
				844E9E8E2916BA7F00ABE852 /* Base */,
			);
			name = Main.storyboard;
			sourceTree = "<group>";
		};
		844E9E922916BA8000ABE852 /* LaunchScreen.storyboard */ = {
			isa = PBXVariantGroup;
			children = (
				844E9E932916BA8000ABE852 /* Base */,
			);
			name = LaunchScreen.storyboard;
			sourceTree = "<group>";
		};
/* End PBXVariantGroup section */

/* Begin XCBuildConfiguration section */
		844E9E962916BA8000ABE852 /* Debug */ = {
			isa = XCBuildConfiguration;
			buildSettings = {
				ALWAYS_SEARCH_USER_PATHS = NO;
				CLANG_ANALYZER_NONNULL = YES;
				CLANG_ANALYZER_NUMBER_OBJECT_CONVERSION = YES_AGGRESSIVE;
				CLANG_CXX_LANGUAGE_STANDARD = "gnu++20";
				CLANG_ENABLE_MODULES = YES;
				CLANG_ENABLE_OBJC_ARC = YES;
				CLANG_ENABLE_OBJC_WEAK = YES;
				CLANG_WARN_BLOCK_CAPTURE_AUTORELEASING = YES;
				CLANG_WARN_BOOL_CONVERSION = YES;
				CLANG_WARN_COMMA = YES;
				CLANG_WARN_CONSTANT_CONVERSION = YES;
				CLANG_WARN_DEPRECATED_OBJC_IMPLEMENTATIONS = YES;
				CLANG_WARN_DIRECT_OBJC_ISA_USAGE = YES_ERROR;
				CLANG_WARN_DOCUMENTATION_COMMENTS = YES;
				CLANG_WARN_EMPTY_BODY = YES;
				CLANG_WARN_ENUM_CONVERSION = YES;
				CLANG_WARN_INFINITE_RECURSION = YES;
				CLANG_WARN_INT_CONVERSION = YES;
				CLANG_WARN_NON_LITERAL_NULL_CONVERSION = YES;
				CLANG_WARN_OBJC_IMPLICIT_RETAIN_SELF = YES;
				CLANG_WARN_OBJC_LITERAL_CONVERSION = YES;
				CLANG_WARN_OBJC_ROOT_CLASS = YES_ERROR;
				CLANG_WARN_QUOTED_INCLUDE_IN_FRAMEWORK_HEADER = YES;
				CLANG_WARN_RANGE_LOOP_ANALYSIS = YES;
				CLANG_WARN_STRICT_PROTOTYPES = YES;
				CLANG_WARN_SUSPICIOUS_MOVE = YES;
				CLANG_WARN_UNGUARDED_AVAILABILITY = YES_AGGRESSIVE;
				CLANG_WARN_UNREACHABLE_CODE = YES;
				CLANG_WARN__DUPLICATE_METHOD_MATCH = YES;
				COPY_PHASE_STRIP = NO;
				DEBUG_INFORMATION_FORMAT = dwarf;
				ENABLE_STRICT_OBJC_MSGSEND = YES;
				ENABLE_TESTABILITY = YES;
				GCC_C_LANGUAGE_STANDARD = gnu11;
				GCC_DYNAMIC_NO_PIC = NO;
				GCC_NO_COMMON_BLOCKS = YES;
				GCC_OPTIMIZATION_LEVEL = 0;
				GCC_PREPROCESSOR_DEFINITIONS = (
					"DEBUG=1",
					"$(inherited)",
				);
				GCC_WARN_64_TO_32_BIT_CONVERSION = YES;
				GCC_WARN_ABOUT_RETURN_TYPE = YES_ERROR;
				GCC_WARN_UNDECLARED_SELECTOR = YES;
				GCC_WARN_UNINITIALIZED_AUTOS = YES_AGGRESSIVE;
				GCC_WARN_UNUSED_FUNCTION = YES;
				GCC_WARN_UNUSED_VARIABLE = YES;
				IPHONEOS_DEPLOYMENT_TARGET = 16.0;
				MTL_ENABLE_DEBUG_INFO = INCLUDE_SOURCE;
				MTL_FAST_MATH = YES;
				ONLY_ACTIVE_ARCH = YES;
				SDKROOT = iphoneos;
				SWIFT_ACTIVE_COMPILATION_CONDITIONS = DEBUG;
				SWIFT_OPTIMIZATION_LEVEL = "-Onone";
			};
			name = Debug;
		};
		844E9E972916BA8000ABE852 /* Release */ = {
			isa = XCBuildConfiguration;
			buildSettings = {
				ALWAYS_SEARCH_USER_PATHS = NO;
				CLANG_ANALYZER_NONNULL = YES;
				CLANG_ANALYZER_NUMBER_OBJECT_CONVERSION = YES_AGGRESSIVE;
				CLANG_CXX_LANGUAGE_STANDARD = "gnu++20";
				CLANG_ENABLE_MODULES = YES;
				CLANG_ENABLE_OBJC_ARC = YES;
				CLANG_ENABLE_OBJC_WEAK = YES;
				CLANG_WARN_BLOCK_CAPTURE_AUTORELEASING = YES;
				CLANG_WARN_BOOL_CONVERSION = YES;
				CLANG_WARN_COMMA = YES;
				CLANG_WARN_CONSTANT_CONVERSION = YES;
				CLANG_WARN_DEPRECATED_OBJC_IMPLEMENTATIONS = YES;
				CLANG_WARN_DIRECT_OBJC_ISA_USAGE = YES_ERROR;
				CLANG_WARN_DOCUMENTATION_COMMENTS = YES;
				CLANG_WARN_EMPTY_BODY = YES;
				CLANG_WARN_ENUM_CONVERSION = YES;
				CLANG_WARN_INFINITE_RECURSION = YES;
				CLANG_WARN_INT_CONVERSION = YES;
				CLANG_WARN_NON_LITERAL_NULL_CONVERSION = YES;
				CLANG_WARN_OBJC_IMPLICIT_RETAIN_SELF = YES;
				CLANG_WARN_OBJC_LITERAL_CONVERSION = YES;
				CLANG_WARN_OBJC_ROOT_CLASS = YES_ERROR;
				CLANG_WARN_QUOTED_INCLUDE_IN_FRAMEWORK_HEADER = YES;
				CLANG_WARN_RANGE_LOOP_ANALYSIS = YES;
				CLANG_WARN_STRICT_PROTOTYPES = YES;
				CLANG_WARN_SUSPICIOUS_MOVE = YES;
				CLANG_WARN_UNGUARDED_AVAILABILITY = YES_AGGRESSIVE;
				CLANG_WARN_UNREACHABLE_CODE = YES;
				CLANG_WARN__DUPLICATE_METHOD_MATCH = YES;
				COPY_PHASE_STRIP = NO;
				DEBUG_INFORMATION_FORMAT = "dwarf-with-dsym";
				ENABLE_NS_ASSERTIONS = NO;
				ENABLE_STRICT_OBJC_MSGSEND = YES;
				GCC_C_LANGUAGE_STANDARD = gnu11;
				GCC_NO_COMMON_BLOCKS = YES;
				GCC_WARN_64_TO_32_BIT_CONVERSION = YES;
				GCC_WARN_ABOUT_RETURN_TYPE = YES_ERROR;
				GCC_WARN_UNDECLARED_SELECTOR = YES;
				GCC_WARN_UNINITIALIZED_AUTOS = YES_AGGRESSIVE;
				GCC_WARN_UNUSED_FUNCTION = YES;
				GCC_WARN_UNUSED_VARIABLE = YES;
				IPHONEOS_DEPLOYMENT_TARGET = 16.0;
				MTL_ENABLE_DEBUG_INFO = NO;
				MTL_FAST_MATH = YES;
				SDKROOT = iphoneos;
				SWIFT_COMPILATION_MODE = wholemodule;
				SWIFT_OPTIMIZATION_LEVEL = "-O";
				VALIDATE_PRODUCT = YES;
			};
			name = Release;
		};
		844E9E992916BA8000ABE852 /* Debug */ = {
			isa = XCBuildConfiguration;
			baseConfigurationReference = 89E3277E4956254589226989 /* Pods-DigIntoYourFridge.debug.xcconfig */;
			buildSettings = {
				ASSETCATALOG_COMPILER_APPICON_NAME = AppIcon;
				ASSETCATALOG_COMPILER_GLOBAL_ACCENT_COLOR_NAME = AccentColor;
				CODE_SIGN_STYLE = Automatic;
				CURRENT_PROJECT_VERSION = 1;
				DEVELOPMENT_TEAM = 939T4AGYL5;
				GENERATE_INFOPLIST_FILE = YES;
				INFOPLIST_FILE = DigIntoYourFridge/Info.plist;
				INFOPLIST_KEY_UIApplicationSupportsIndirectInputEvents = YES;
				INFOPLIST_KEY_UILaunchStoryboardName = LaunchScreen;
				INFOPLIST_KEY_UIMainStoryboardFile = Main;
				INFOPLIST_KEY_UISupportedInterfaceOrientations_iPad = "UIInterfaceOrientationPortrait UIInterfaceOrientationPortraitUpsideDown UIInterfaceOrientationLandscapeLeft UIInterfaceOrientationLandscapeRight";
				INFOPLIST_KEY_UISupportedInterfaceOrientations_iPhone = "UIInterfaceOrientationPortrait UIInterfaceOrientationLandscapeLeft UIInterfaceOrientationLandscapeRight";
				LD_RUNPATH_SEARCH_PATHS = (
					"$(inherited)",
					"@executable_path/Frameworks",
				);
				MARKETING_VERSION = 1.0;
				PRODUCT_BUNDLE_IDENTIFIER = com.saemi.DigIntoYourFridge;
				PRODUCT_NAME = "$(TARGET_NAME)";
				SWIFT_EMIT_LOC_STRINGS = YES;
				SWIFT_VERSION = 5.0;
				TARGETED_DEVICE_FAMILY = "1,2";
			};
			name = Debug;
		};
		844E9E9A2916BA8000ABE852 /* Release */ = {
			isa = XCBuildConfiguration;
			baseConfigurationReference = E8BDF8FEB15A18854B8A7814 /* Pods-DigIntoYourFridge.release.xcconfig */;
			buildSettings = {
				ASSETCATALOG_COMPILER_APPICON_NAME = AppIcon;
				ASSETCATALOG_COMPILER_GLOBAL_ACCENT_COLOR_NAME = AccentColor;
				CODE_SIGN_STYLE = Automatic;
				CURRENT_PROJECT_VERSION = 1;
				DEVELOPMENT_TEAM = 939T4AGYL5;
				GENERATE_INFOPLIST_FILE = YES;
				INFOPLIST_FILE = DigIntoYourFridge/Info.plist;
				INFOPLIST_KEY_UIApplicationSupportsIndirectInputEvents = YES;
				INFOPLIST_KEY_UILaunchStoryboardName = LaunchScreen;
				INFOPLIST_KEY_UIMainStoryboardFile = Main;
				INFOPLIST_KEY_UISupportedInterfaceOrientations_iPad = "UIInterfaceOrientationPortrait UIInterfaceOrientationPortraitUpsideDown UIInterfaceOrientationLandscapeLeft UIInterfaceOrientationLandscapeRight";
				INFOPLIST_KEY_UISupportedInterfaceOrientations_iPhone = "UIInterfaceOrientationPortrait UIInterfaceOrientationLandscapeLeft UIInterfaceOrientationLandscapeRight";
				LD_RUNPATH_SEARCH_PATHS = (
					"$(inherited)",
					"@executable_path/Frameworks",
				);
				MARKETING_VERSION = 1.0;
				PRODUCT_BUNDLE_IDENTIFIER = com.saemi.DigIntoYourFridge;
				PRODUCT_NAME = "$(TARGET_NAME)";
				SWIFT_EMIT_LOC_STRINGS = YES;
				SWIFT_VERSION = 5.0;
				TARGETED_DEVICE_FAMILY = "1,2";
			};
			name = Release;
		};
/* End XCBuildConfiguration section */

/* Begin XCConfigurationList section */
		844E9E7F2916BA7F00ABE852 /* Build configuration list for PBXProject "DigIntoYourFridge" */ = {
			isa = XCConfigurationList;
			buildConfigurations = (
				844E9E962916BA8000ABE852 /* Debug */,
				844E9E972916BA8000ABE852 /* Release */,
			);
			defaultConfigurationIsVisible = 0;
			defaultConfigurationName = Release;
		};
		844E9E982916BA8000ABE852 /* Build configuration list for PBXNativeTarget "DigIntoYourFridge" */ = {
			isa = XCConfigurationList;
			buildConfigurations = (
				844E9E992916BA8000ABE852 /* Debug */,
				844E9E9A2916BA8000ABE852 /* Release */,
			);
			defaultConfigurationIsVisible = 0;
			defaultConfigurationName = Release;
		};
/* End XCConfigurationList section */

/* Begin XCRemoteSwiftPackageReference section */
		844E9EBB2916EC8400ABE852 /* XCRemoteSwiftPackageReference "facebook-ios-sdk" */ = {
			isa = XCRemoteSwiftPackageReference;
			repositoryURL = "https://github.com/facebook/facebook-ios-sdk";
			requirement = {
				kind = upToNextMajorVersion;
				minimumVersion = 15.0.0;
			};
		};
/* End XCRemoteSwiftPackageReference section */

/* Begin XCSwiftPackageProductDependency section */
		844E9EBC2916EC8400ABE852 /* FacebookCore */ = {
			isa = XCSwiftPackageProductDependency;
			package = 844E9EBB2916EC8400ABE852 /* XCRemoteSwiftPackageReference "facebook-ios-sdk" */;
			productName = FacebookCore;
		};
		844E9EBE2916EC8400ABE852 /* FacebookLogin */ = {
			isa = XCSwiftPackageProductDependency;
			package = 844E9EBB2916EC8400ABE852 /* XCRemoteSwiftPackageReference "facebook-ios-sdk" */;
			productName = FacebookLogin;
		};
/* End XCSwiftPackageProductDependency section */
	};
	rootObject = 844E9E7C2916BA7F00ABE852 /* Project object */;
}
